github.com/confluentinc/confluent-kafka-go v1.1.0 h1:HIW7Nkm8IeKRotC34mGY06DwQMf9Mp9PZMyqDxid2wI=
github.com/confluentinc/confluent-kafka-go v1.1.0/go.mod h1:u2zNLny2xq+5rWeTQjFHbDzzNuba4P1vo31r9r4uAdg=
github.com/confluentinc/confluent-kafka-go v1.3.0 h1:1gJm/SgUqG01jRYJ1pSZ9GldAhXZ0xrFPKxINlVZ3z0=
github.com/confluentinc/confluent-kafka-go v1.3.0/go.mod h1:MPUvNqmycSJrQZKGPS6LyLZLJH1hmLKkBmHQgQR7Ma0=
github.com/confluentinc/confluent-kafka-go v1.4.0 h1:GCEMecax8zLZsCVn1cea7Y1uR/lRCdCDednpkc0NLsY=
github.com/confluentinc/confluent-kafka-go v1.4.0/go.mod h1:u2zNLny2xq+5rWeTQjFHbDzzNuba4P1vo31r9r4uAdg=
github.com/cryptopirates/gotalib v0.0.0-20191004053449-5de8ddb98335 h1:qAMdQ+q8wscU/QNxOusKRdHVwjgHsgn/LlQVnoPyp2Q=
github.com/cryptopirates/gotalib v0.0.0-20191004053449-5de8ddb98335/go.mod h1:OTuSC89sVM+ibOT8zPfo49Ew7Wu8HtIi43gkVqidmV0=
github.com/cryptopirates/gotalib v0.0.0-20191006065622-52e4ba7f66cd h1:i0fslpPYLDJTfb25BzpebTWmILuMBgFp/p8jwlVS3n8=
github.com/cryptopirates/gotalib v0.0.0-20191006065622-52e4ba7f66cd/go.mod h1:OTuSC89sVM+ibOT8zPfo49Ew7Wu8HtIi43gkVqidmV0=
