github.com/confluentinc/confluent-kafka-go-dev v0.0.0-20190802212433-4315eca36bc9 h1:uaqgTfDHSRLCcto4QqLH3z5DaJvJLCSGUL2Pi8NfGA4=
github.com/confluentinc/confluent-kafka-go-dev v0.0.0-20190802212433-4315eca36bc9/go.mod h1:MUrc101nfomW+4pCJKUAiWFsmUTfFwMnXpBxFd6gEqk=
github.com/cryptopirates/gotalib v0.0.0-20191004053449-5de8ddb98335 h1:qAMdQ+q8wscU/QNxOusKRdHVwjgHsgn/LlQVnoPyp2Q=
github.com/cryptopirates/gotalib v0.0.0-20191004053449-5de8ddb98335/go.mod h1:OTuSC89sVM+ibOT8zPfo49Ew7Wu8HtIi43gkVqidmV0=
